
Microsoft Visual Studio Solution File, Format Version 12.00
# Visual Studio Version 17
VisualStudioVersion = 17.3.32922.545
MinimumVisualStudioVersion = 10.0.40219.1
Project("{9A19103F-16F7-4668-BE54-9A1E7A4F7556}") = "Task_001", "Task_001\Task_001.csproj", "{440F3453-7254-4E35-96BE-C66BAD1A280F}"
EndProject
Project("{FAE04EC0-301F-11D3-BF4B-00C04F79EFBC}") = "Task_002", "Task_002\Task_002.csproj", "{D39C8560-2456-40F5-B614-3328F96CB3BB}"
EndProject
Project("{FAE04EC0-301F-11D3-BF4B-00C04F79EFBC}") = "Task_003_1", "Task_003_1\Task_003_1.csproj", "{991DA8B4-16B7-4767-964C-DFCC72EF9F0E}"
EndProject
Project("{FAE04EC0-301F-11D3-BF4B-00C04F79EFBC}") = "Task_003_2", "Task_003_2\Task_003_2.csproj", "{F1BBA64C-264C-45FD-ADB7-062772AA0493}"
EndProject
Global
	GlobalSection(SolutionConfigurationPlatforms) = preSolution
		Debug|Any CPU = Debug|Any CPU
		Release|Any CPU = Release|Any CPU
	EndGlobalSection
	GlobalSection(ProjectConfigurationPlatforms) = postSolution
		{440F3453-7254-4E35-96BE-C66BAD1A280F}.Debug|Any CPU.ActiveCfg = Debug|Any CPU
		{440F3453-7254-4E35-96BE-C66BAD1A280F}.Debug|Any CPU.Build.0 = Debug|Any CPU
		{440F3453-7254-4E35-96BE-C66BAD1A280F}.Release|Any CPU.ActiveCfg = Release|Any CPU
		{440F3453-7254-4E35-96BE-C66BAD1A280F}.Release|Any CPU.Build.0 = Release|Any CPU
		{D39C8560-2456-40F5-B614-3328F96CB3BB}.Debug|Any CPU.ActiveCfg = Debug|Any CPU
		{D39C8560-2456-40F5-B614-3328F96CB3BB}.Debug|Any CPU.Build.0 = Debug|Any CPU
		{D39C8560-2456-40F5-B614-3328F96CB3BB}.Release|Any CPU.ActiveCfg = Release|Any CPU
		{D39C8560-2456-40F5-B614-3328F96CB3BB}.Release|Any CPU.Build.0 = Release|Any CPU
		{991DA8B4-16B7-4767-964C-DFCC72EF9F0E}.Debug|Any CPU.ActiveCfg = Debug|Any CPU
		{991DA8B4-16B7-4767-964C-DFCC72EF9F0E}.Debug|Any CPU.Build.0 = Debug|Any CPU
		{991DA8B4-16B7-4767-964C-DFCC72EF9F0E}.Release|Any CPU.ActiveCfg = Release|Any CPU
		{991DA8B4-16B7-4767-964C-DFCC72EF9F0E}.Release|Any CPU.Build.0 = Release|Any CPU
		{F1BBA64C-264C-45FD-ADB7-062772AA0493}.Debug|Any CPU.ActiveCfg = Debug|Any CPU
		{F1BBA64C-264C-45FD-ADB7-062772AA0493}.Debug|Any CPU.Build.0 = Debug|Any CPU
		{F1BBA64C-264C-45FD-ADB7-062772AA0493}.Release|Any CPU.ActiveCfg = Release|Any CPU
		{F1BBA64C-264C-45FD-ADB7-062772AA0493}.Release|Any CPU.Build.0 = Release|Any CPU
	EndGlobalSection
	GlobalSection(SolutionProperties) = preSolution
		HideSolutionNode = FALSE
	EndGlobalSection
	GlobalSection(ExtensibilityGlobals) = postSolution
		SolutionGuid = {45904581-C85C-49A1-8E09-241A18F81444}
	EndGlobalSection
EndGlobal
